
Microsoft Visual Studio Solution File, Format Version 12.00
# Visual Studio Version 16
VisualStudioVersion = 16.0.29418.71
MinimumVisualStudioVersion = 10.0.40219.1
Project("{FAE04EC0-301F-11D3-BF4B-00C04F79EFBC}") = "WebApplication3", "WebApplication3\WebApplication3.csproj", "{C37116F5-A17B-47DC-970B-3ED6D665A578}"
EndProject
Global
	GlobalSection(SolutionConfigurationPlatforms) = preSolution
		Debug|Any CPU = Debug|Any CPU
		Release|Any CPU = Release|Any CPU
	EndGlobalSection
	GlobalSection(ProjectConfigurationPlatforms) = postSolution
		{C37116F5-A17B-47DC-970B-3ED6D665A578}.Debug|Any CPU.ActiveCfg = Debug|Any CPU
		{C37116F5-A17B-47DC-970B-3ED6D665A578}.Debug|Any CPU.Build.0 = Debug|Any CPU
		{C37116F5-A17B-47DC-970B-3ED6D665A578}.Release|Any CPU.ActiveCfg = Release|Any CPU
		{C37116F5-A17B-47DC-970B-3ED6D665A578}.Release|Any CPU.Build.0 = Release|Any CPU
	EndGlobalSection
	GlobalSection(SolutionProperties) = preSolution
		HideSolutionNode = FALSE
	EndGlobalSection
	GlobalSection(ExtensibilityGlobals) = postSolution
		SolutionGuid = {05DC74D4-9F4D-46EF-B71E-04592686C2B2}
	EndGlobalSection
EndGlobal
